
Microsoft Visual Studio Solution File, Format Version 12.00
# Visual Studio Version 16
VisualStudioVersion = 16.0.31424.327
MinimumVisualStudioVersion = 10.0.40219.1
Project("{FAE04EC0-301F-11D3-BF4B-00C04F79EFBC}") = "StructAssignment", "StructAssignment\StructAssignment.csproj", "{E128DE81-B8E8-497C-ACEB-A19468BCCB21}"
EndProject
Global
	GlobalSection(SolutionConfigurationPlatforms) = preSolution
		Debug|Any CPU = Debug|Any CPU
		Release|Any CPU = Release|Any CPU
	EndGlobalSection
	GlobalSection(ProjectConfigurationPlatforms) = postSolution
		{E128DE81-B8E8-497C-ACEB-A19468BCCB21}.Debug|Any CPU.ActiveCfg = Debug|Any CPU
		{E128DE81-B8E8-497C-ACEB-A19468BCCB21}.Debug|Any CPU.Build.0 = Debug|Any CPU
		{E128DE81-B8E8-497C-ACEB-A19468BCCB21}.Release|Any CPU.ActiveCfg = Release|Any CPU
		{E128DE81-B8E8-497C-ACEB-A19468BCCB21}.Release|Any CPU.Build.0 = Release|Any CPU
	EndGlobalSection
	GlobalSection(SolutionProperties) = preSolution
		HideSolutionNode = FALSE
	EndGlobalSection
	GlobalSection(ExtensibilityGlobals) = postSolution
		SolutionGuid = {E1C02E9F-1E17-4C49-82F8-BDB879F2D22A}
	EndGlobalSection
EndGlobal
