
Microsoft Visual Studio Solution File, Format Version 12.00
# Visual Studio Version 16
VisualStudioVersion = 16.0.31424.327
MinimumVisualStudioVersion = 10.0.40219.1
Project("{FAE04EC0-301F-11D3-BF4B-00C04F79EFBC}") = "LoopAssignment", "LoopAssignment\LoopAssignment.csproj", "{DA5968C3-8A44-430A-A6EF-81667C5109F5}"
EndProject
Global
	GlobalSection(SolutionConfigurationPlatforms) = preSolution
		Debug|Any CPU = Debug|Any CPU
		Release|Any CPU = Release|Any CPU
	EndGlobalSection
	GlobalSection(ProjectConfigurationPlatforms) = postSolution
		{DA5968C3-8A44-430A-A6EF-81667C5109F5}.Debug|Any CPU.ActiveCfg = Debug|Any CPU
		{DA5968C3-8A44-430A-A6EF-81667C5109F5}.Debug|Any CPU.Build.0 = Debug|Any CPU
		{DA5968C3-8A44-430A-A6EF-81667C5109F5}.Release|Any CPU.ActiveCfg = Release|Any CPU
		{DA5968C3-8A44-430A-A6EF-81667C5109F5}.Release|Any CPU.Build.0 = Release|Any CPU
	EndGlobalSection
	GlobalSection(SolutionProperties) = preSolution
		HideSolutionNode = FALSE
	EndGlobalSection
	GlobalSection(ExtensibilityGlobals) = postSolution
		SolutionGuid = {676B5A17-7991-487F-8356-56BE7FA5D364}
	EndGlobalSection
EndGlobal
