
Microsoft Visual Studio Solution File, Format Version 12.00
# Visual Studio Version 16
VisualStudioVersion = 16.0.31424.327
MinimumVisualStudioVersion = 10.0.40219.1
Project("{FAE04EC0-301F-11D3-BF4B-00C04F79EFBC}") = "MethodClassAssignment", "MethodClassAssignment\MethodClassAssignment.csproj", "{28744AEC-8A1D-42BA-9D0B-50116880DEB3}"
EndProject
Global
	GlobalSection(SolutionConfigurationPlatforms) = preSolution
		Debug|Any CPU = Debug|Any CPU
		Release|Any CPU = Release|Any CPU
	EndGlobalSection
	GlobalSection(ProjectConfigurationPlatforms) = postSolution
		{28744AEC-8A1D-42BA-9D0B-50116880DEB3}.Debug|Any CPU.ActiveCfg = Debug|Any CPU
		{28744AEC-8A1D-42BA-9D0B-50116880DEB3}.Debug|Any CPU.Build.0 = Debug|Any CPU
		{28744AEC-8A1D-42BA-9D0B-50116880DEB3}.Release|Any CPU.ActiveCfg = Release|Any CPU
		{28744AEC-8A1D-42BA-9D0B-50116880DEB3}.Release|Any CPU.Build.0 = Release|Any CPU
	EndGlobalSection
	GlobalSection(SolutionProperties) = preSolution
		HideSolutionNode = FALSE
	EndGlobalSection
	GlobalSection(ExtensibilityGlobals) = postSolution
		SolutionGuid = {781BF6D8-6EDC-45F2-83A8-793832C47FE0}
	EndGlobalSection
EndGlobal
