
Microsoft Visual Studio Solution File, Format Version 12.00
# Visual Studio Version 16
VisualStudioVersion = 16.0.31515.178
MinimumVisualStudioVersion = 10.0.40219.1
Project("{FAE04EC0-301F-11D3-BF4B-00C04F79EFBC}") = "ChallangeAssignment", "ChallangeAssignment\ChallangeAssignment.csproj", "{BF123449-2059-46BA-AB8A-17AD011AF59D}"
EndProject
Global
	GlobalSection(SolutionConfigurationPlatforms) = preSolution
		Debug|Any CPU = Debug|Any CPU
		Release|Any CPU = Release|Any CPU
	EndGlobalSection
	GlobalSection(ProjectConfigurationPlatforms) = postSolution
		{BF123449-2059-46BA-AB8A-17AD011AF59D}.Debug|Any CPU.ActiveCfg = Debug|Any CPU
		{BF123449-2059-46BA-AB8A-17AD011AF59D}.Debug|Any CPU.Build.0 = Debug|Any CPU
		{BF123449-2059-46BA-AB8A-17AD011AF59D}.Release|Any CPU.ActiveCfg = Release|Any CPU
		{BF123449-2059-46BA-AB8A-17AD011AF59D}.Release|Any CPU.Build.0 = Release|Any CPU
	EndGlobalSection
	GlobalSection(SolutionProperties) = preSolution
		HideSolutionNode = FALSE
	EndGlobalSection
	GlobalSection(ExtensibilityGlobals) = postSolution
		SolutionGuid = {A7422434-F093-4CF8-A086-A619797D5C8C}
	EndGlobalSection
EndGlobal
